// !$*UTF8*$!
{
	archiveVersion = 1;
	classes = {
	};
	objectVersion = 56;
	objects = {

/* Begin PBXBuildFile section */
		4E2E91A92A4174100080B75A /* RatingStars.swift in Sources */ = {isa = PBXBuildFile; fileRef = 4E2E91A82A4174100080B75A /* RatingStars.swift */; };
		4E2E91AB2A4179EC0080B75A /* TryLoadImage.swift in Sources */ = {isa = PBXBuildFile; fileRef = 4E2E91AA2A4179EC0080B75A /* TryLoadImage.swift */; };
		4E2E91AD2A4199C20080B75A /* AnimationCellsInTableView.swift in Sources */ = {isa = PBXBuildFile; fileRef = 4E2E91AC2A4199C20080B75A /* AnimationCellsInTableView.swift */; };
		4E36A11F2A2F108300BB5CE4 /* AppDelegate.swift in Sources */ = {isa = PBXBuildFile; fileRef = 4E36A11E2A2F108300BB5CE4 /* AppDelegate.swift */; };
		4E36A1212A2F108300BB5CE4 /* SceneDelegate.swift in Sources */ = {isa = PBXBuildFile; fileRef = 4E36A1202A2F108300BB5CE4 /* SceneDelegate.swift */; };
		4E36A1232A2F108300BB5CE4 /* ViewController.swift in Sources */ = {isa = PBXBuildFile; fileRef = 4E36A1222A2F108300BB5CE4 /* ViewController.swift */; };
		4E36A1262A2F108300BB5CE4 /* Main.storyboard in Resources */ = {isa = PBXBuildFile; fileRef = 4E36A1242A2F108300BB5CE4 /* Main.storyboard */; };
		4E36A1282A2F108400BB5CE4 /* Assets.xcassets in Resources */ = {isa = PBXBuildFile; fileRef = 4E36A1272A2F108400BB5CE4 /* Assets.xcassets */; };
		4E36A12B2A2F108400BB5CE4 /* LaunchScreen.storyboard in Resources */ = {isa = PBXBuildFile; fileRef = 4E36A1292A2F108400BB5CE4 /* LaunchScreen.storyboard */; };
		4E5ECE7D2A2F9583001B90DE /* Movie.swift in Sources */ = {isa = PBXBuildFile; fileRef = 4E5ECE7C2A2F9583001B90DE /* Movie.swift */; };
		4E5ECE802A2F980E001B90DE /* NetworkController.swift in Sources */ = {isa = PBXBuildFile; fileRef = 4E5ECE7F2A2F980E001B90DE /* NetworkController.swift */; };
		4E5ECE852A2FB8DB001B90DE /* MovieTableViewCell.swift in Sources */ = {isa = PBXBuildFile; fileRef = 4E5ECE832A2FB8DB001B90DE /* MovieTableViewCell.swift */; };
		4E5ECE862A2FB8DB001B90DE /* MovieTableViewCell.xib in Resources */ = {isa = PBXBuildFile; fileRef = 4E5ECE842A2FB8DB001B90DE /* MovieTableViewCell.xib */; };
		4E5ECE892A2FBDC1001B90DE /* SDWebImage in Frameworks */ = {isa = PBXBuildFile; productRef = 4E5ECE882A2FBDC1001B90DE /* SDWebImage */; };
		4E60E3BA2A403D620012E0B3 /* CoreDB.xcdatamodeld in Sources */ = {isa = PBXBuildFile; fileRef = 4E60E3B82A403D620012E0B3 /* CoreDB.xcdatamodeld */; };
		4E60E3BC2A403D8F0012E0B3 /* CoreDataController.swift in Sources */ = {isa = PBXBuildFile; fileRef = 4E60E3BB2A403D8F0012E0B3 /* CoreDataController.swift */; };
		4E894B162A2F2652004D4DDA /* HeadViewController.swift in Sources */ = {isa = PBXBuildFile; fileRef = 4E894B152A2F2652004D4DDA /* HeadViewController.swift */; };
		4E894B182A2F2B9A004D4DDA /* FavoritsViewController.swift in Sources */ = {isa = PBXBuildFile; fileRef = 4E894B172A2F2B9A004D4DDA /* FavoritsViewController.swift */; };
		4E894B1A2A2F2BE7004D4DDA /* DetailViewController.swift in Sources */ = {isa = PBXBuildFile; fileRef = 4E894B192A2F2BE7004D4DDA /* DetailViewController.swift */; };
		4EC8D45A2A3A1D1200B47752 /* HeadTableViewCell.swift in Sources */ = {isa = PBXBuildFile; fileRef = 4EC8D4582A3A1D1200B47752 /* HeadTableViewCell.swift */; };
		4EC8D45B2A3A1D1200B47752 /* HeadTableViewCell.xib in Resources */ = {isa = PBXBuildFile; fileRef = 4EC8D4592A3A1D1200B47752 /* HeadTableViewCell.xib */; };
		4EC8D45D2A3A280C00B47752 /* Details.swift in Sources */ = {isa = PBXBuildFile; fileRef = 4EC8D45C2A3A280C00B47752 /* Details.swift */; };
		4ECE89672A3E24AA0041EA8B /* YouTube.swift in Sources */ = {isa = PBXBuildFile; fileRef = 4ECE89662A3E24AA0041EA8B /* YouTube.swift */; };
		4ECE89692A3E364C0041EA8B /* CustomCollectionViewCell.swift in Sources */ = {isa = PBXBuildFile; fileRef = 4ECE89682A3E364C0041EA8B /* CustomCollectionViewCell.swift */; };
		4ECE896C2A3E4C9D0041EA8B /* YouTubeiOSPlayerHelper in Frameworks */ = {isa = PBXBuildFile; productRef = 4ECE896B2A3E4C9D0041EA8B /* YouTubeiOSPlayerHelper */; };
		4EE795702A3ADE6700088FB3 /* ResultTableViewCell.swift in Sources */ = {isa = PBXBuildFile; fileRef = 4EE7956F2A3ADE6700088FB3 /* ResultTableViewCell.swift */; };
		4EED54042A34EED8005100C1 /* ParallaxTableView.swift in Sources */ = {isa = PBXBuildFile; fileRef = 4EED54032A34EED8005100C1 /* ParallaxTableView.swift */; };
		4EED54062A35CB39005100C1 /* ResultsTableController.swift in Sources */ = {isa = PBXBuildFile; fileRef = 4EED54052A35CB39005100C1 /* ResultsTableController.swift */; };
/* End PBXBuildFile section */

/* Begin PBXFileReference section */
		4E2E91A82A4174100080B75A /* RatingStars.swift */ = {isa = PBXFileReference; lastKnownFileType = sourcecode.swift; path = RatingStars.swift; sourceTree = "<group>"; };
		4E2E91AA2A4179EC0080B75A /* TryLoadImage.swift */ = {isa = PBXFileReference; lastKnownFileType = sourcecode.swift; path = TryLoadImage.swift; sourceTree = "<group>"; };
		4E2E91AC2A4199C20080B75A /* AnimationCellsInTableView.swift */ = {isa = PBXFileReference; lastKnownFileType = sourcecode.swift; path = AnimationCellsInTableView.swift; sourceTree = "<group>"; };
		4E36A11B2A2F108300BB5CE4 /* TMDB.app */ = {isa = PBXFileReference; explicitFileType = wrapper.application; includeInIndex = 0; path = TMDB.app; sourceTree = BUILT_PRODUCTS_DIR; };
		4E36A11E2A2F108300BB5CE4 /* AppDelegate.swift */ = {isa = PBXFileReference; lastKnownFileType = sourcecode.swift; path = AppDelegate.swift; sourceTree = "<group>"; };
		4E36A1202A2F108300BB5CE4 /* SceneDelegate.swift */ = {isa = PBXFileReference; lastKnownFileType = sourcecode.swift; path = SceneDelegate.swift; sourceTree = "<group>"; };
		4E36A1222A2F108300BB5CE4 /* ViewController.swift */ = {isa = PBXFileReference; lastKnownFileType = sourcecode.swift; path = ViewController.swift; sourceTree = "<group>"; };
		4E36A1252A2F108300BB5CE4 /* Base */ = {isa = PBXFileReference; lastKnownFileType = file.storyboard; name = Base; path = Base.lproj/Main.storyboard; sourceTree = "<group>"; };
		4E36A1272A2F108400BB5CE4 /* Assets.xcassets */ = {isa = PBXFileReference; lastKnownFileType = folder.assetcatalog; path = Assets.xcassets; sourceTree = "<group>"; };
		4E36A12A2A2F108400BB5CE4 /* Base */ = {isa = PBXFileReference; lastKnownFileType = file.storyboard; name = Base; path = Base.lproj/LaunchScreen.storyboard; sourceTree = "<group>"; };
		4E36A12C2A2F108400BB5CE4 /* Info.plist */ = {isa = PBXFileReference; lastKnownFileType = text.plist.xml; path = Info.plist; sourceTree = "<group>"; };
		4E5ECE7C2A2F9583001B90DE /* Movie.swift */ = {isa = PBXFileReference; lastKnownFileType = sourcecode.swift; path = Movie.swift; sourceTree = "<group>"; };
		4E5ECE7F2A2F980E001B90DE /* NetworkController.swift */ = {isa = PBXFileReference; lastKnownFileType = sourcecode.swift; path = NetworkController.swift; sourceTree = "<group>"; };
		4E5ECE832A2FB8DB001B90DE /* MovieTableViewCell.swift */ = {isa = PBXFileReference; lastKnownFileType = sourcecode.swift; path = MovieTableViewCell.swift; sourceTree = "<group>"; };
		4E5ECE842A2FB8DB001B90DE /* MovieTableViewCell.xib */ = {isa = PBXFileReference; lastKnownFileType = file.xib; path = MovieTableViewCell.xib; sourceTree = "<group>"; };
		4E60E3B92A403D620012E0B3 /* CoreDB.xcdatamodel */ = {isa = PBXFileReference; lastKnownFileType = wrapper.xcdatamodel; path = CoreDB.xcdatamodel; sourceTree = "<group>"; };
		4E60E3BB2A403D8F0012E0B3 /* CoreDataController.swift */ = {isa = PBXFileReference; lastKnownFileType = sourcecode.swift; path = CoreDataController.swift; sourceTree = "<group>"; };
		4E894B152A2F2652004D4DDA /* HeadViewController.swift */ = {isa = PBXFileReference; lastKnownFileType = sourcecode.swift; path = HeadViewController.swift; sourceTree = "<group>"; };
		4E894B172A2F2B9A004D4DDA /* FavoritsViewController.swift */ = {isa = PBXFileReference; lastKnownFileType = sourcecode.swift; path = FavoritsViewController.swift; sourceTree = "<group>"; };
		4E894B192A2F2BE7004D4DDA /* DetailViewController.swift */ = {isa = PBXFileReference; lastKnownFileType = sourcecode.swift; path = DetailViewController.swift; sourceTree = "<group>"; };
		4EC8D4582A3A1D1200B47752 /* HeadTableViewCell.swift */ = {isa = PBXFileReference; lastKnownFileType = sourcecode.swift; path = HeadTableViewCell.swift; sourceTree = "<group>"; };
		4EC8D4592A3A1D1200B47752 /* HeadTableViewCell.xib */ = {isa = PBXFileReference; lastKnownFileType = file.xib; path = HeadTableViewCell.xib; sourceTree = "<group>"; };
		4EC8D45C2A3A280C00B47752 /* Details.swift */ = {isa = PBXFileReference; lastKnownFileType = sourcecode.swift; path = Details.swift; sourceTree = "<group>"; };
		4ECE89662A3E24AA0041EA8B /* YouTube.swift */ = {isa = PBXFileReference; lastKnownFileType = sourcecode.swift; path = YouTube.swift; sourceTree = "<group>"; };
		4ECE89682A3E364C0041EA8B /* CustomCollectionViewCell.swift */ = {isa = PBXFileReference; lastKnownFileType = sourcecode.swift; path = CustomCollectionViewCell.swift; sourceTree = "<group>"; };
		4EE7956F2A3ADE6700088FB3 /* ResultTableViewCell.swift */ = {isa = PBXFileReference; lastKnownFileType = sourcecode.swift; path = ResultTableViewCell.swift; sourceTree = "<group>"; };
		4EED54032A34EED8005100C1 /* ParallaxTableView.swift */ = {isa = PBXFileReference; lastKnownFileType = sourcecode.swift; path = ParallaxTableView.swift; sourceTree = "<group>"; };
		4EED54052A35CB39005100C1 /* ResultsTableController.swift */ = {isa = PBXFileReference; lastKnownFileType = sourcecode.swift; path = ResultsTableController.swift; sourceTree = "<group>"; };
/* End PBXFileReference section */

/* Begin PBXFrameworksBuildPhase section */
		4E36A1182A2F108300BB5CE4 /* Frameworks */ = {
			isa = PBXFrameworksBuildPhase;
			buildActionMask = 2147483647;
			files = (
				4E5ECE892A2FBDC1001B90DE /* SDWebImage in Frameworks */,
				4ECE896C2A3E4C9D0041EA8B /* YouTubeiOSPlayerHelper in Frameworks */,
			);
			runOnlyForDeploymentPostprocessing = 0;
		};
/* End PBXFrameworksBuildPhase section */

/* Begin PBXGroup section */
		4E2E91A72A4173E70080B75A /* DesignElement */ = {
			isa = PBXGroup;
			children = (
				4EED54032A34EED8005100C1 /* ParallaxTableView.swift */,
				4E2E91A82A4174100080B75A /* RatingStars.swift */,
				4E2E91AA2A4179EC0080B75A /* TryLoadImage.swift */,
				4E2E91AC2A4199C20080B75A /* AnimationCellsInTableView.swift */,
			);
			path = DesignElement;
			sourceTree = "<group>";
		};
		4E36A1122A2F108300BB5CE4 = {
			isa = PBXGroup;
			children = (
				4E36A11D2A2F108300BB5CE4 /* TMDB */,
				4E36A11C2A2F108300BB5CE4 /* Products */,
			);
			sourceTree = "<group>";
		};
		4E36A11C2A2F108300BB5CE4 /* Products */ = {
			isa = PBXGroup;
			children = (
				4E36A11B2A2F108300BB5CE4 /* TMDB.app */,
			);
			name = Products;
			sourceTree = "<group>";
		};
		4E36A11D2A2F108300BB5CE4 /* TMDB */ = {
			isa = PBXGroup;
			children = (
				4E2E91A72A4173E70080B75A /* DesignElement */,
				4E60E3B72A403C4A0012E0B3 /* CoreData */,
				4E5ECE812A2FB880001B90DE /* TableCell */,
				4E894B142A2F2639004D4DDA /* ViewControllers */,
				4E5ECE7E2A2F97ED001B90DE /* NetworkController */,
				4E5ECE7B2A2F952C001B90DE /* DataJson */,
				4E36A11E2A2F108300BB5CE4 /* AppDelegate.swift */,
				4E36A1202A2F108300BB5CE4 /* SceneDelegate.swift */,
				4E36A1222A2F108300BB5CE4 /* ViewController.swift */,
				4E36A1242A2F108300BB5CE4 /* Main.storyboard */,
				4E36A1272A2F108400BB5CE4 /* Assets.xcassets */,
				4E36A1292A2F108400BB5CE4 /* LaunchScreen.storyboard */,
				4E36A12C2A2F108400BB5CE4 /* Info.plist */,
			);
			path = TMDB;
			sourceTree = "<group>";
		};
		4E5ECE7B2A2F952C001B90DE /* DataJson */ = {
			isa = PBXGroup;
			children = (
				4E5ECE7C2A2F9583001B90DE /* Movie.swift */,
				4EC8D45C2A3A280C00B47752 /* Details.swift */,
				4ECE89662A3E24AA0041EA8B /* YouTube.swift */,
			);
			path = DataJson;
			sourceTree = "<group>";
		};
		4E5ECE7E2A2F97ED001B90DE /* NetworkController */ = {
			isa = PBXGroup;
			children = (
				4E5ECE7F2A2F980E001B90DE /* NetworkController.swift */,
			);
			path = NetworkController;
			sourceTree = "<group>";
		};
		4E5ECE812A2FB880001B90DE /* TableCell */ = {
			isa = PBXGroup;
			children = (
				4E5ECE832A2FB8DB001B90DE /* MovieTableViewCell.swift */,
				4E5ECE842A2FB8DB001B90DE /* MovieTableViewCell.xib */,
				4EC8D4582A3A1D1200B47752 /* HeadTableViewCell.swift */,
				4EC8D4592A3A1D1200B47752 /* HeadTableViewCell.xib */,
				4EE7956F2A3ADE6700088FB3 /* ResultTableViewCell.swift */,
				4ECE89682A3E364C0041EA8B /* CustomCollectionViewCell.swift */,
			);
			path = TableCell;
			sourceTree = "<group>";
		};
		4E60E3B72A403C4A0012E0B3 /* CoreData */ = {
			isa = PBXGroup;
			children = (
				4E60E3B82A403D620012E0B3 /* CoreDB.xcdatamodeld */,
				4E60E3BB2A403D8F0012E0B3 /* CoreDataController.swift */,
			);
			path = CoreData;
			sourceTree = "<group>";
		};
		4E894B142A2F2639004D4DDA /* ViewControllers */ = {
			isa = PBXGroup;
			children = (
				4E894B152A2F2652004D4DDA /* HeadViewController.swift */,
				4E894B172A2F2B9A004D4DDA /* FavoritsViewController.swift */,
				4E894B192A2F2BE7004D4DDA /* DetailViewController.swift */,
				4EED54052A35CB39005100C1 /* ResultsTableController.swift */,
			);
			path = ViewControllers;
			sourceTree = "<group>";
		};
/* End PBXGroup section */

/* Begin PBXNativeTarget section */
		4E36A11A2A2F108300BB5CE4 /* TMDB */ = {
			isa = PBXNativeTarget;
			buildConfigurationList = 4E36A12F2A2F108400BB5CE4 /* Build configuration list for PBXNativeTarget "TMDB" */;
			buildPhases = (
				4E36A1172A2F108300BB5CE4 /* Sources */,
				4E36A1182A2F108300BB5CE4 /* Frameworks */,
				4E36A1192A2F108300BB5CE4 /* Resources */,
			);
			buildRules = (
			);
			dependencies = (
			);
			name = TMDB;
			packageProductDependencies = (
				4E5ECE882A2FBDC1001B90DE /* SDWebImage */,
				4ECE896B2A3E4C9D0041EA8B /* YouTubeiOSPlayerHelper */,
			);
			productName = TMDB;
			productReference = 4E36A11B2A2F108300BB5CE4 /* TMDB.app */;
			productType = "com.apple.product-type.application";
		};
/* End PBXNativeTarget section */

/* Begin PBXProject section */
		4E36A1132A2F108300BB5CE4 /* Project object */ = {
			isa = PBXProject;
			attributes = {
				BuildIndependentTargetsInParallel = 1;
				LastSwiftUpdateCheck = 1430;
				LastUpgradeCheck = 1430;
				TargetAttributes = {
					4E36A11A2A2F108300BB5CE4 = {
						CreatedOnToolsVersion = 14.3.1;
					};
				};
			};
			buildConfigurationList = 4E36A1162A2F108300BB5CE4 /* Build configuration list for PBXProject "TMDB" */;
			compatibilityVersion = "Xcode 14.0";
			developmentRegion = en;
			hasScannedForEncodings = 0;
			knownRegions = (
				en,
				Base,
			);
			mainGroup = 4E36A1122A2F108300BB5CE4;
			packageReferences = (
				4E5ECE872A2FBDC1001B90DE /* XCRemoteSwiftPackageReference "SDWebImage" */,
				4ECE896A2A3E4C9D0041EA8B /* XCRemoteSwiftPackageReference "youtube-ios-player-helper" */,
			);
			productRefGroup = 4E36A11C2A2F108300BB5CE4 /* Products */;
			projectDirPath = "";
			projectRoot = "";
			targets = (
				4E36A11A2A2F108300BB5CE4 /* TMDB */,
			);
		};
/* End PBXProject section */

/* Begin PBXResourcesBuildPhase section */
		4E36A1192A2F108300BB5CE4 /* Resources */ = {
			isa = PBXResourcesBuildPhase;
			buildActionMask = 2147483647;
			files = (
				4EC8D45B2A3A1D1200B47752 /* HeadTableViewCell.xib in Resources */,
				4E36A12B2A2F108400BB5CE4 /* LaunchScreen.storyboard in Resources */,
				4E36A1282A2F108400BB5CE4 /* Assets.xcassets in Resources */,
				4E5ECE862A2FB8DB001B90DE /* MovieTableViewCell.xib in Resources */,
				4E36A1262A2F108300BB5CE4 /* Main.storyboard in Resources */,
			);
			runOnlyForDeploymentPostprocessing = 0;
		};
/* End PBXResourcesBuildPhase section */

/* Begin PBXSourcesBuildPhase section */
		4E36A1172A2F108300BB5CE4 /* Sources */ = {
			isa = PBXSourcesBuildPhase;
			buildActionMask = 2147483647;
			files = (
				4E5ECE802A2F980E001B90DE /* NetworkController.swift in Sources */,
				4E5ECE7D2A2F9583001B90DE /* Movie.swift in Sources */,
				4E5ECE852A2FB8DB001B90DE /* MovieTableViewCell.swift in Sources */,
				4E2E91A92A4174100080B75A /* RatingStars.swift in Sources */,
				4E36A1232A2F108300BB5CE4 /* ViewController.swift in Sources */,
				4E60E3BA2A403D620012E0B3 /* CoreDB.xcdatamodeld in Sources */,
				4E36A11F2A2F108300BB5CE4 /* AppDelegate.swift in Sources */,
				4E2E91AB2A4179EC0080B75A /* TryLoadImage.swift in Sources */,
				4E36A1212A2F108300BB5CE4 /* SceneDelegate.swift in Sources */,
				4EE795702A3ADE6700088FB3 /* ResultTableViewCell.swift in Sources */,
				4E2E91AD2A4199C20080B75A /* AnimationCellsInTableView.swift in Sources */,
				4E894B1A2A2F2BE7004D4DDA /* DetailViewController.swift in Sources */,
				4E894B182A2F2B9A004D4DDA /* FavoritsViewController.swift in Sources */,
				4ECE89672A3E24AA0041EA8B /* YouTube.swift in Sources */,
				4EED54062A35CB39005100C1 /* ResultsTableController.swift in Sources */,
				4ECE89692A3E364C0041EA8B /* CustomCollectionViewCell.swift in Sources */,
				4EC8D45D2A3A280C00B47752 /* Details.swift in Sources */,
				4E60E3BC2A403D8F0012E0B3 /* CoreDataController.swift in Sources */,
				4EC8D45A2A3A1D1200B47752 /* HeadTableViewCell.swift in Sources */,
				4EED54042A34EED8005100C1 /* ParallaxTableView.swift in Sources */,
				4E894B162A2F2652004D4DDA /* HeadViewController.swift in Sources */,
			);
			runOnlyForDeploymentPostprocessing = 0;
		};
/* End PBXSourcesBuildPhase section */

/* Begin PBXVariantGroup section */
		4E36A1242A2F108300BB5CE4 /* Main.storyboard */ = {
			isa = PBXVariantGroup;
			children = (
				4E36A1252A2F108300BB5CE4 /* Base */,
			);
			name = Main.storyboard;
			sourceTree = "<group>";
		};
		4E36A1292A2F108400BB5CE4 /* LaunchScreen.storyboard */ = {
			isa = PBXVariantGroup;
			children = (
				4E36A12A2A2F108400BB5CE4 /* Base */,
			);
			name = LaunchScreen.storyboard;
			sourceTree = "<group>";
		};
/* End PBXVariantGroup section */

/* Begin XCBuildConfiguration section */
		4E36A12D2A2F108400BB5CE4 /* Debug */ = {
			isa = XCBuildConfiguration;
			buildSettings = {
				ALWAYS_SEARCH_USER_PATHS = NO;
				CLANG_ANALYZER_NONNULL = YES;
				CLANG_ANALYZER_NUMBER_OBJECT_CONVERSION = YES_AGGRESSIVE;
				CLANG_CXX_LANGUAGE_STANDARD = "gnu++20";
				CLANG_ENABLE_MODULES = YES;
				CLANG_ENABLE_OBJC_ARC = YES;
				CLANG_ENABLE_OBJC_WEAK = YES;
				CLANG_WARN_BLOCK_CAPTURE_AUTORELEASING = YES;
				CLANG_WARN_BOOL_CONVERSION = YES;
				CLANG_WARN_COMMA = YES;
				CLANG_WARN_CONSTANT_CONVERSION = YES;
				CLANG_WARN_DEPRECATED_OBJC_IMPLEMENTATIONS = YES;
				CLANG_WARN_DIRECT_OBJC_ISA_USAGE = YES_ERROR;
				CLANG_WARN_DOCUMENTATION_COMMENTS = YES;
				CLANG_WARN_EMPTY_BODY = YES;
				CLANG_WARN_ENUM_CONVERSION = YES;
				CLANG_WARN_INFINITE_RECURSION = YES;
				CLANG_WARN_INT_CONVERSION = YES;
				CLANG_WARN_NON_LITERAL_NULL_CONVERSION = YES;
				CLANG_WARN_OBJC_IMPLICIT_RETAIN_SELF = YES;
				CLANG_WARN_OBJC_LITERAL_CONVERSION = YES;
				CLANG_WARN_OBJC_ROOT_CLASS = YES_ERROR;
				CLANG_WARN_QUOTED_INCLUDE_IN_FRAMEWORK_HEADER = YES;
				CLANG_WARN_RANGE_LOOP_ANALYSIS = YES;
				CLANG_WARN_STRICT_PROTOTYPES = YES;
				CLANG_WARN_SUSPICIOUS_MOVE = YES;
				CLANG_WARN_UNGUARDED_AVAILABILITY = YES_AGGRESSIVE;
				CLANG_WARN_UNREACHABLE_CODE = YES;
				CLANG_WARN__DUPLICATE_METHOD_MATCH = YES;
				COPY_PHASE_STRIP = NO;
				DEBUG_INFORMATION_FORMAT = dwarf;
				ENABLE_STRICT_OBJC_MSGSEND = YES;
				ENABLE_TESTABILITY = YES;
				GCC_C_LANGUAGE_STANDARD = gnu11;
				GCC_DYNAMIC_NO_PIC = NO;
				GCC_NO_COMMON_BLOCKS = YES;
				GCC_OPTIMIZATION_LEVEL = 0;
				GCC_PREPROCESSOR_DEFINITIONS = (
					"DEBUG=1",
					"$(inherited)",
				);
				GCC_WARN_64_TO_32_BIT_CONVERSION = YES;
				GCC_WARN_ABOUT_RETURN_TYPE = YES_ERROR;
				GCC_WARN_UNDECLARED_SELECTOR = YES;
				GCC_WARN_UNINITIALIZED_AUTOS = YES_AGGRESSIVE;
				GCC_WARN_UNUSED_FUNCTION = YES;
				GCC_WARN_UNUSED_VARIABLE = YES;
				IPHONEOS_DEPLOYMENT_TARGET = 16.4;
				MTL_ENABLE_DEBUG_INFO = INCLUDE_SOURCE;
				MTL_FAST_MATH = YES;
				ONLY_ACTIVE_ARCH = YES;
				SDKROOT = iphoneos;
				SWIFT_ACTIVE_COMPILATION_CONDITIONS = DEBUG;
				SWIFT_OPTIMIZATION_LEVEL = "-Onone";
			};
			name = Debug;
		};
		4E36A12E2A2F108400BB5CE4 /* Release */ = {
			isa = XCBuildConfiguration;
			buildSettings = {
				ALWAYS_SEARCH_USER_PATHS = NO;
				CLANG_ANALYZER_NONNULL = YES;
				CLANG_ANALYZER_NUMBER_OBJECT_CONVERSION = YES_AGGRESSIVE;
				CLANG_CXX_LANGUAGE_STANDARD = "gnu++20";
				CLANG_ENABLE_MODULES = YES;
				CLANG_ENABLE_OBJC_ARC = YES;
				CLANG_ENABLE_OBJC_WEAK = YES;
				CLANG_WARN_BLOCK_CAPTURE_AUTORELEASING = YES;
				CLANG_WARN_BOOL_CONVERSION = YES;
				CLANG_WARN_COMMA = YES;
				CLANG_WARN_CONSTANT_CONVERSION = YES;
				CLANG_WARN_DEPRECATED_OBJC_IMPLEMENTATIONS = YES;
				CLANG_WARN_DIRECT_OBJC_ISA_USAGE = YES_ERROR;
				CLANG_WARN_DOCUMENTATION_COMMENTS = YES;
				CLANG_WARN_EMPTY_BODY = YES;
				CLANG_WARN_ENUM_CONVERSION = YES;
				CLANG_WARN_INFINITE_RECURSION = YES;
				CLANG_WARN_INT_CONVERSION = YES;
				CLANG_WARN_NON_LITERAL_NULL_CONVERSION = YES;
				CLANG_WARN_OBJC_IMPLICIT_RETAIN_SELF = YES;
				CLANG_WARN_OBJC_LITERAL_CONVERSION = YES;
				CLANG_WARN_OBJC_ROOT_CLASS = YES_ERROR;
				CLANG_WARN_QUOTED_INCLUDE_IN_FRAMEWORK_HEADER = YES;
				CLANG_WARN_RANGE_LOOP_ANALYSIS = YES;
				CLANG_WARN_STRICT_PROTOTYPES = YES;
				CLANG_WARN_SUSPICIOUS_MOVE = YES;
				CLANG_WARN_UNGUARDED_AVAILABILITY = YES_AGGRESSIVE;
				CLANG_WARN_UNREACHABLE_CODE = YES;
				CLANG_WARN__DUPLICATE_METHOD_MATCH = YES;
				COPY_PHASE_STRIP = NO;
				DEBUG_INFORMATION_FORMAT = "dwarf-with-dsym";
				ENABLE_NS_ASSERTIONS = NO;
				ENABLE_STRICT_OBJC_MSGSEND = YES;
				GCC_C_LANGUAGE_STANDARD = gnu11;
				GCC_NO_COMMON_BLOCKS = YES;
				GCC_WARN_64_TO_32_BIT_CONVERSION = YES;
				GCC_WARN_ABOUT_RETURN_TYPE = YES_ERROR;
				GCC_WARN_UNDECLARED_SELECTOR = YES;
				GCC_WARN_UNINITIALIZED_AUTOS = YES_AGGRESSIVE;
				GCC_WARN_UNUSED_FUNCTION = YES;
				GCC_WARN_UNUSED_VARIABLE = YES;
				IPHONEOS_DEPLOYMENT_TARGET = 16.4;
				MTL_ENABLE_DEBUG_INFO = NO;
				MTL_FAST_MATH = YES;
				SDKROOT = iphoneos;
				SWIFT_COMPILATION_MODE = wholemodule;
				SWIFT_OPTIMIZATION_LEVEL = "-O";
				VALIDATE_PRODUCT = YES;
			};
			name = Release;
		};
		4E36A1302A2F108400BB5CE4 /* Debug */ = {
			isa = XCBuildConfiguration;
			buildSettings = {
				ASSETCATALOG_COMPILER_APPICON_NAME = AppIcon;
				ASSETCATALOG_COMPILER_GLOBAL_ACCENT_COLOR_NAME = AccentColor;
				CODE_SIGN_STYLE = Automatic;
				CURRENT_PROJECT_VERSION = 1;
				DEVELOPMENT_TEAM = Y7KYZ373M8;
				GENERATE_INFOPLIST_FILE = YES;
				INFOPLIST_FILE = TMDB/Info.plist;
				INFOPLIST_KEY_CFBundleDisplayName = TMDB;
				INFOPLIST_KEY_LSApplicationCategoryType = "public.app-category.video";
				INFOPLIST_KEY_UIApplicationSupportsIndirectInputEvents = YES;
				INFOPLIST_KEY_UILaunchStoryboardName = LaunchScreen;
				INFOPLIST_KEY_UIMainStoryboardFile = Main;
				INFOPLIST_KEY_UIStatusBarHidden = YES;
				INFOPLIST_KEY_UISupportedInterfaceOrientations_iPad = "UIInterfaceOrientationPortrait UIInterfaceOrientationPortraitUpsideDown UIInterfaceOrientationLandscapeLeft UIInterfaceOrientationLandscapeRight";
				INFOPLIST_KEY_UISupportedInterfaceOrientations_iPhone = "UIInterfaceOrientationPortrait UIInterfaceOrientationLandscapeLeft UIInterfaceOrientationLandscapeRight";
				LD_RUNPATH_SEARCH_PATHS = (
					"$(inherited)",
					"@executable_path/Frameworks",
				);
				MARKETING_VERSION = 1.0;
				PRODUCT_BUNDLE_IDENTIFIER = my.Lucky.Shadow.TMDB;
				PRODUCT_NAME = "$(TARGET_NAME)";
				SUPPORTED_PLATFORMS = "iphoneos iphonesimulator";
				SUPPORTS_MACCATALYST = NO;
				SUPPORTS_MAC_DESIGNED_FOR_IPHONE_IPAD = NO;
				SWIFT_EMIT_LOC_STRINGS = YES;
				SWIFT_VERSION = 5.0;
				TARGETED_DEVICE_FAMILY = 1;
			};
			name = Debug;
		};
		4E36A1312A2F108400BB5CE4 /* Release */ = {
			isa = XCBuildConfiguration;
			buildSettings = {
				ASSETCATALOG_COMPILER_APPICON_NAME = AppIcon;
				ASSETCATALOG_COMPILER_GLOBAL_ACCENT_COLOR_NAME = AccentColor;
				CODE_SIGN_STYLE = Automatic;
				CURRENT_PROJECT_VERSION = 1;
				DEVELOPMENT_TEAM = Y7KYZ373M8;
				GENERATE_INFOPLIST_FILE = YES;
				INFOPLIST_FILE = TMDB/Info.plist;
				INFOPLIST_KEY_CFBundleDisplayName = TMDB;
				INFOPLIST_KEY_LSApplicationCategoryType = "public.app-category.video";
				INFOPLIST_KEY_UIApplicationSupportsIndirectInputEvents = YES;
				INFOPLIST_KEY_UILaunchStoryboardName = LaunchScreen;
				INFOPLIST_KEY_UIMainStoryboardFile = Main;
				INFOPLIST_KEY_UIStatusBarHidden = YES;
				INFOPLIST_KEY_UISupportedInterfaceOrientations_iPad = "UIInterfaceOrientationPortrait UIInterfaceOrientationPortraitUpsideDown UIInterfaceOrientationLandscapeLeft UIInterfaceOrientationLandscapeRight";
				INFOPLIST_KEY_UISupportedInterfaceOrientations_iPhone = "UIInterfaceOrientationPortrait UIInterfaceOrientationLandscapeLeft UIInterfaceOrientationLandscapeRight";
				LD_RUNPATH_SEARCH_PATHS = (
					"$(inherited)",
					"@executable_path/Frameworks",
				);
				MARKETING_VERSION = 1.0;
				PRODUCT_BUNDLE_IDENTIFIER = my.Lucky.Shadow.TMDB;
				PRODUCT_NAME = "$(TARGET_NAME)";
				SUPPORTED_PLATFORMS = "iphoneos iphonesimulator";
				SUPPORTS_MACCATALYST = NO;
				SUPPORTS_MAC_DESIGNED_FOR_IPHONE_IPAD = NO;
				SWIFT_EMIT_LOC_STRINGS = YES;
				SWIFT_VERSION = 5.0;
				TARGETED_DEVICE_FAMILY = 1;
			};
			name = Release;
		};
/* End XCBuildConfiguration section */

/* Begin XCConfigurationList section */
		4E36A1162A2F108300BB5CE4 /* Build configuration list for PBXProject "TMDB" */ = {
			isa = XCConfigurationList;
			buildConfigurations = (
				4E36A12D2A2F108400BB5CE4 /* Debug */,
				4E36A12E2A2F108400BB5CE4 /* Release */,
			);
			defaultConfigurationIsVisible = 0;
			defaultConfigurationName = Release;
		};
		4E36A12F2A2F108400BB5CE4 /* Build configuration list for PBXNativeTarget "TMDB" */ = {
			isa = XCConfigurationList;
			buildConfigurations = (
				4E36A1302A2F108400BB5CE4 /* Debug */,
				4E36A1312A2F108400BB5CE4 /* Release */,
			);
			defaultConfigurationIsVisible = 0;
			defaultConfigurationName = Release;
		};
/* End XCConfigurationList section */

/* Begin XCRemoteSwiftPackageReference section */
		4E5ECE872A2FBDC1001B90DE /* XCRemoteSwiftPackageReference "SDWebImage" */ = {
			isa = XCRemoteSwiftPackageReference;
			repositoryURL = "https://github.com/SDWebImage/SDWebImage.git";
			requirement = {
				kind = upToNextMajorVersion;
				minimumVersion = 5.0.0;
			};
		};
		4ECE896A2A3E4C9D0041EA8B /* XCRemoteSwiftPackageReference "youtube-ios-player-helper" */ = {
			isa = XCRemoteSwiftPackageReference;
			repositoryURL = "https://github.com/youtube/youtube-ios-player-helper.git";
			requirement = {
				kind = upToNextMajorVersion;
				minimumVersion = 1.0.0;
			};
		};
/* End XCRemoteSwiftPackageReference section */

/* Begin XCSwiftPackageProductDependency section */
		4E5ECE882A2FBDC1001B90DE /* SDWebImage */ = {
			isa = XCSwiftPackageProductDependency;
			package = 4E5ECE872A2FBDC1001B90DE /* XCRemoteSwiftPackageReference "SDWebImage" */;
			productName = SDWebImage;
		};
		4ECE896B2A3E4C9D0041EA8B /* YouTubeiOSPlayerHelper */ = {
			isa = XCSwiftPackageProductDependency;
			package = 4ECE896A2A3E4C9D0041EA8B /* XCRemoteSwiftPackageReference "youtube-ios-player-helper" */;
			productName = YouTubeiOSPlayerHelper;
		};
/* End XCSwiftPackageProductDependency section */

/* Begin XCVersionGroup section */
		4E60E3B82A403D620012E0B3 /* CoreDB.xcdatamodeld */ = {
			isa = XCVersionGroup;
			children = (
				4E60E3B92A403D620012E0B3 /* CoreDB.xcdatamodel */,
			);
			currentVersion = 4E60E3B92A403D620012E0B3 /* CoreDB.xcdatamodel */;
			path = CoreDB.xcdatamodeld;
			sourceTree = "<group>";
			versionGroupType = wrapper.xcdatamodel;
		};
/* End XCVersionGroup section */
	};
	rootObject = 4E36A1132A2F108300BB5CE4 /* Project object */;
}
